
Microsoft Visual Studio Solution File, Format Version 12.00
# Visual Studio 15
Project("{FAE04EC0-301F-11D3-BF4B-00C04F79EFBC}") = "Assembly-CSharp", "Assembly-CSharp.csproj", "{EAF9B189-481D-22F4-7598-6E61DD7F1859}"
EndProject
Project("{FAE04EC0-301F-11D3-BF4B-00C04F79EFBC}") = "Assembly-CSharp-Editor", "Assembly-CSharp-Editor.csproj", "{4C52B19F-1279-C3C5-507A-789EF4DD146F}"
EndProject
Global
	GlobalSection(SolutionConfigurationPlatforms) = preSolution
		Debug|Any CPU = Debug|Any CPU
		Release|Any CPU = Release|Any CPU
	EndGlobalSection
	GlobalSection(ProjectConfigurationPlatforms) = postSolution
		{EAF9B189-481D-22F4-7598-6E61DD7F1859}.Debug|Any CPU.ActiveCfg = Debug|Any CPU
		{EAF9B189-481D-22F4-7598-6E61DD7F1859}.Debug|Any CPU.Build.0 = Debug|Any CPU
		{EAF9B189-481D-22F4-7598-6E61DD7F1859}.Release|Any CPU.ActiveCfg = Release|Any CPU
		{EAF9B189-481D-22F4-7598-6E61DD7F1859}.Release|Any CPU.Build.0 = Release|Any CPU
		{4C52B19F-1279-C3C5-507A-789EF4DD146F}.Debug|Any CPU.ActiveCfg = Debug|Any CPU
		{4C52B19F-1279-C3C5-507A-789EF4DD146F}.Debug|Any CPU.Build.0 = Debug|Any CPU
		{4C52B19F-1279-C3C5-507A-789EF4DD146F}.Release|Any CPU.ActiveCfg = Release|Any CPU
		{4C52B19F-1279-C3C5-507A-789EF4DD146F}.Release|Any CPU.Build.0 = Release|Any CPU
	EndGlobalSection
	GlobalSection(SolutionProperties) = preSolution
		HideSolutionNode = FALSE
	EndGlobalSection
EndGlobal
